
{
  "name": "gpt-functions",
  "version": "0.0.4",
  "lockfileVersion": 3,
  "requires": true,
  "packages": {
    "": {
      "name": "gpt-functions",
      "version": "0.0.4",
      "license": "MIT",
      "dependencies": {
        "common-tags": "^1.8.2",
        "openai": "^3.2.1"
      },
      "devDependencies": {
        "@types/common-tags": "^1.8.1",
        "@typescript-eslint/eslint-plugin": "^5.57.1",
        "@typescript-eslint/parser": "^5.57.1",
        "eslint": "^8.38.0",
        "prettier": "^2.8.7"
      }
    },
    "node_modules/@eslint-community/eslint-utils": {
      "version": "4.4.0",
      "resolved": "https://registry.npmjs.org/@eslint-community/eslint-utils/-/eslint-utils-4.4.0.tgz",
      "integrity": "sha512-1/sA4dwrzBAyeUoQ6oxahHKmrZvsnLCg4RfxW3ZFGGmQkSNQPFNLV9CUEFQP1x9EYXHTo5p6xdhZM1Ne9p/AfA==",
      "dev": true,
      "dependencies": {
        "eslint-visitor-keys": "^3.3.0"
      },
      "engines": {
        "node": "^12.22.0 || ^14.17.0 || >=16.0.0"
      },
      "peerDependencies": {
        "eslint": "^6.0.0 || ^7.0.0 || >=8.0.0"