
{
  "name": "gpt-functions",
  "version": "0.0.4",
  "lockfileVersion": 3,
  "requires": true,
  "packages": {
    "": {
      "name": "gpt-functions",
      "version": "0.0.4",
      "license": "MIT",
      "dependencies": {
        "common-tags": "^1.8.2",
        "openai": "^3.2.1"
      },
      "devDependencies": {
        "@types/common-tags": "^1.8.1",
        "@typescript-eslint/eslint-plugin": "^5.57.1",
        "@typescript-eslint/parser": "^5.57.1",
        "eslint": "^8.38.0",
        "prettier": "^2.8.7"
      }
    },